{
  "pins" : [
    {
      "identity" : "realm-core",
      "kind" : "remoteSourceControl",
      "location" : "https://github.com/realm/realm-core",
      "state" : {
        "revision" : "15493076ad9fef22c16cc64cbfbf9e5b65c385f9",
        "version" : "20.1.0"
      }
    },
    {
      "identity" : "realm-swift",
      "kind" : "remoteSourceControl",
      "location" : "https://github.com/realm/realm-swift",
      "state" : {
        "revision" : "bae6c4be7df169fdb047d0ad63f902c1e2665e83",
        "version" : "20.0.1"
      }
    }
  ],
  "version" : 2
}
